
Microsoft Visual Studio Solution File, Format Version 12.00
# Visual Studio Version 17
VisualStudioVersion = 17.1.32328.378
MinimumVisualStudioVersion = 10.0.40219.1
Project("{FAE04EC0-301F-11D3-BF4B-00C04F79EFBC}") = "ClassesAndObjects", "ClassesAndObjects\ClassesAndObjects.csproj", "{78273B6B-E0AF-42FD-A352-811DE125A921}"
EndProject
Global
	GlobalSection(SolutionConfigurationPlatforms) = preSolution
		Debug|Any CPU = Debug|Any CPU
		Release|Any CPU = Release|Any CPU
	EndGlobalSection
	GlobalSection(ProjectConfigurationPlatforms) = postSolution
		{78273B6B-E0AF-42FD-A352-811DE125A921}.Debug|Any CPU.ActiveCfg = Debug|Any CPU
		{78273B6B-E0AF-42FD-A352-811DE125A921}.Debug|Any CPU.Build.0 = Debug|Any CPU
		{78273B6B-E0AF-42FD-A352-811DE125A921}.Release|Any CPU.ActiveCfg = Release|Any CPU
		{78273B6B-E0AF-42FD-A352-811DE125A921}.Release|Any CPU.Build.0 = Release|Any CPU
	EndGlobalSection
	GlobalSection(SolutionProperties) = preSolution
		HideSolutionNode = FALSE
	EndGlobalSection
	GlobalSection(ExtensibilityGlobals) = postSolution
		SolutionGuid = {C323EC13-4718-4108-A205-0A6DE76B585C}
	EndGlobalSection
EndGlobal
